[{<<"base32">>,
  {git,"https://github.com/aetrion/base32_erlang.git",
       {ref,"40431a7480176b24863e18b92d9872e54c714df5"}},
  1},
 {<<"bear">>,
  {git,"git://github.com/boundary/bear.git",
       {ref,"119234548783af19b8ec75c879c5062676b92571"}},
  2},
 {<<"cowboy">>,
  {git,"git://github.com/extend/cowboy.git",
       {ref,"021f4f6069e5fae326bdfb0acb12c6500082fa44"}},
  1},
 {<<"cowlib">>,
  {git,"git://github.com/extend/cowlib.git",
       {ref,"d544a494af4dbc810fc9c15eaf5cc050cced1501"}},
  2},
 {<<"dns">>,
  {git,"https://github.com/timclassic/dns_erlang.git",
       {ref,"1b2bf54082752c9e92b3785238d95b9d91ca376f"}},
  0},
 {<<"erldns">>,
  {git,"https://github.com/aetrion/erl-dns.git",
       {ref,"d82b0326e7a0ceca5b0108888de5c41e4c1cddc8"}},
  0},
 {<<"folsom">>,
  {git,"git://github.com/boundary/folsom.git",
       {ref,"8914823067c623d2839ecd6d17785ba94ad004c8"}},
  1},
 {<<"goldrush">>,
  {git,"git://github.com/DeadZen/goldrush.git",
       {ref,"64864ba7fcf40988361340e48680b49a2c2938cf"}},
  2},
 {<<"hottub">>,
  {git,"git://github.com/bfrog/hottub.git",
       {ref,"e6b2d97b52eb733a2c18d3abc5d5b9e69402ff18"}},
  1},
 {<<"jsx">>,
  {git,"git://github.com/talentdeficit/jsx.git",
       {ref,"91b3c47e1b71498e29f5fad08d85759374d32a8c"}},
  1},
 {<<"lager">>,
  {git,"git://github.com/basho/lager.git",
       {ref,"e82bb13efa32a0de747d7dc0e8c567794965cec2"}},
  1},
 {<<"meck">>,
  {git,"git://github.com/eproxus/meck",
       {ref,"dde759050eff19a1a80fd854d7375174b191665d"}},
  2},
 {<<"poolboy">>,
  {git,"git://github.com/devinus/poolboy.git",
       {ref,"3bb48a893ff5598f7c73731ac17545206d259fac"}},
  1},
 {<<"ranch">>,
  {git,"git://github.com/extend/ranch.git",
       {ref,"adf1822defc2b7cfdc7aca112adabfa1d614043c"}},
  2},
 {<<"recon">>,{pkg,<<"recon">>,<<"2.2.1">>},0}].
